
Microsoft Visual Studio Solution File, Format Version 12.00
# Visual Studio Version 16
VisualStudioVersion = 16.0.31321.278
MinimumVisualStudioVersion = 10.0.40219.1
Project("{FAE04EC0-301F-11D3-BF4B-00C04F79EFBC}") = "password_enginer", "password_enginer\password_enginer.csproj", "{4677AE5D-C121-4124-BD9A-72BA6A4AB389}"
EndProject
Global
	GlobalSection(SolutionConfigurationPlatforms) = preSolution
		Debug|Any CPU = Debug|Any CPU
		Release|Any CPU = Release|Any CPU
	EndGlobalSection
	GlobalSection(ProjectConfigurationPlatforms) = postSolution
		{4677AE5D-C121-4124-BD9A-72BA6A4AB389}.Debug|Any CPU.ActiveCfg = Debug|Any CPU
		{4677AE5D-C121-4124-BD9A-72BA6A4AB389}.Debug|Any CPU.Build.0 = Debug|Any CPU
		{4677AE5D-C121-4124-BD9A-72BA6A4AB389}.Release|Any CPU.ActiveCfg = Release|Any CPU
		{4677AE5D-C121-4124-BD9A-72BA6A4AB389}.Release|Any CPU.Build.0 = Release|Any CPU
	EndGlobalSection
	GlobalSection(SolutionProperties) = preSolution
		HideSolutionNode = FALSE
	EndGlobalSection
	GlobalSection(ExtensibilityGlobals) = postSolution
		SolutionGuid = {469F7689-8533-431C-A2F4-1E76F13B6E1E}
	EndGlobalSection
EndGlobal
